
Microsoft Visual Studio Solution File, Format Version 12.00
# Visual Studio Version 16
VisualStudioVersion = 16.0.30114.105
MinimumVisualStudioVersion = 10.0.40219.1
Project("{2150E333-8FDC-42A3-9474-1A3956D46DE8}") = "src", "src", "{90205D55-B3F7-4732-A999-4A1329880828}"
EndProject
Project("{2150E333-8FDC-42A3-9474-1A3956D46DE8}") = "core", "core", "{CF0A77A6-B3F6-4D4C-8D2C-040E50019CB2}"
EndProject
Project("{9A19103F-16F7-4668-BE54-9A1E7A4F7556}") = "Travel.Domain", "src\core\Travel.Domain\Travel.Domain.csproj", "{E4A6DD36-7F7B-43EB-861E-41D1FE8F62EB}"
EndProject
Project("{9A19103F-16F7-4668-BE54-9A1E7A4F7556}") = "Travel.Application", "src\core\Travel.Application\Travel.Application.csproj", "{3A4D7931-3561-4972-AECB-226816C0A486}"
EndProject
Project("{2150E333-8FDC-42A3-9474-1A3956D46DE8}") = "infrastructure", "infrastructure", "{AD995E3B-236D-4A27-98A4-1AF4E399DEAF}"
EndProject
Project("{9A19103F-16F7-4668-BE54-9A1E7A4F7556}") = "Travel.Data", "src\infrastructure\Travel.Data\Travel.Data.csproj", "{CDA4E9BA-4B22-48D6-8D12-CF2098B0F2D3}"
EndProject
Project("{9A19103F-16F7-4668-BE54-9A1E7A4F7556}") = "Travel.Shared", "src\infrastructure\Travel.Shared\Travel.Shared.csproj", "{EA3EEC6A-5DCD-49C9-8460-67B9E25A4F07}"
EndProject
Project("{2150E333-8FDC-42A3-9474-1A3956D46DE8}") = "presentation", "presentation", "{0BEB4FA5-F3BC-4DFB-9AE8-5B520D101CA8}"
EndProject
Project("{9A19103F-16F7-4668-BE54-9A1E7A4F7556}") = "Travel.WebApi", "src\presentation\Travel.WebApi\Travel.WebApi.csproj", "{692E5990-74C5-4373-9561-1081DB33738E}"
EndProject
Project("{FAE04EC0-301F-11D3-BF4B-00C04F79EFBC}") = "Travel.Identity", "src\infrastructure\Travel.Identity\Travel.Identity.csproj", "{687B8D8D-E47A-46D9-A54F-F7C5B3DCEA65}"
EndProject
Project("{2150E333-8FDC-42A3-9474-1A3956D46DE8}") = "tests", "tests", "{4656C3D7-AD1B-40B0-8F92-93476B9D7D8F}"
EndProject
Project("{FAE04EC0-301F-11D3-BF4B-00C04F79EFBC}") = "Application.IntegrationTests", "tests\Application.IntegrationTests\Application.IntegrationTests.csproj", "{7DC2F99A-F0B6-443E-9EC0-5C4692FDF380}"
EndProject
Project("{FAE04EC0-301F-11D3-BF4B-00C04F79EFBC}") = "Application.UnitTests", "tests\Application.UnitTests\Application.UnitTests.csproj", "{BAD340AF-754B-4466-AAD1-2AE955A6F26B}"
EndProject
Global
	GlobalSection(SolutionConfigurationPlatforms) = preSolution
		Debug|Any CPU = Debug|Any CPU
		Debug|x64 = Debug|x64
		Debug|x86 = Debug|x86
		Release|Any CPU = Release|Any CPU
		Release|x64 = Release|x64
		Release|x86 = Release|x86
	EndGlobalSection
	GlobalSection(ProjectConfigurationPlatforms) = postSolution
		{E4A6DD36-7F7B-43EB-861E-41D1FE8F62EB}.Debug|Any CPU.ActiveCfg = Debug|Any CPU
		{E4A6DD36-7F7B-43EB-861E-41D1FE8F62EB}.Debug|Any CPU.Build.0 = Debug|Any CPU
		{E4A6DD36-7F7B-43EB-861E-41D1FE8F62EB}.Debug|x64.ActiveCfg = Debug|Any CPU
		{E4A6DD36-7F7B-43EB-861E-41D1FE8F62EB}.Debug|x64.Build.0 = Debug|Any CPU
		{E4A6DD36-7F7B-43EB-861E-41D1FE8F62EB}.Debug|x86.ActiveCfg = Debug|Any CPU
		{E4A6DD36-7F7B-43EB-861E-41D1FE8F62EB}.Debug|x86.Build.0 = Debug|Any CPU
		{E4A6DD36-7F7B-43EB-861E-41D1FE8F62EB}.Release|Any CPU.ActiveCfg = Release|Any CPU
		{E4A6DD36-7F7B-43EB-861E-41D1FE8F62EB}.Release|Any CPU.Build.0 = Release|Any CPU
		{E4A6DD36-7F7B-43EB-861E-41D1FE8F62EB}.Release|x64.ActiveCfg = Release|Any CPU
		{E4A6DD36-7F7B-43EB-861E-41D1FE8F62EB}.Release|x64.Build.0 = Release|Any CPU
		{E4A6DD36-7F7B-43EB-861E-41D1FE8F62EB}.Release|x86.ActiveCfg = Release|Any CPU
		{E4A6DD36-7F7B-43EB-861E-41D1FE8F62EB}.Release|x86.Build.0 = Release|Any CPU
		{3A4D7931-3561-4972-AECB-226816C0A486}.Debug|Any CPU.ActiveCfg = Debug|Any CPU
		{3A4D7931-3561-4972-AECB-226816C0A486}.Debug|Any CPU.Build.0 = Debug|Any CPU
		{3A4D7931-3561-4972-AECB-226816C0A486}.Debug|x64.ActiveCfg = Debug|Any CPU
		{3A4D7931-3561-4972-AECB-226816C0A486}.Debug|x64.Build.0 = Debug|Any CPU
		{3A4D7931-3561-4972-AECB-226816C0A486}.Debug|x86.ActiveCfg = Debug|Any CPU
		{3A4D7931-3561-4972-AECB-226816C0A486}.Debug|x86.Build.0 = Debug|Any CPU
		{3A4D7931-3561-4972-AECB-226816C0A486}.Release|Any CPU.ActiveCfg = Release|Any CPU
		{3A4D7931-3561-4972-AECB-226816C0A486}.Release|Any CPU.Build.0 = Release|Any CPU
		{3A4D7931-3561-4972-AECB-226816C0A486}.Release|x64.ActiveCfg = Release|Any CPU
		{3A4D7931-3561-4972-AECB-226816C0A486}.Release|x64.Build.0 = Release|Any CPU
		{3A4D7931-3561-4972-AECB-226816C0A486}.Release|x86.ActiveCfg = Release|Any CPU
		{3A4D7931-3561-4972-AECB-226816C0A486}.Release|x86.Build.0 = Release|Any CPU
		{CDA4E9BA-4B22-48D6-8D12-CF2098B0F2D3}.Debug|Any CPU.ActiveCfg = Debug|Any CPU
		{CDA4E9BA-4B22-48D6-8D12-CF2098B0F2D3}.Debug|Any CPU.Build.0 = Debug|Any CPU
		{CDA4E9BA-4B22-48D6-8D12-CF2098B0F2D3}.Debug|x64.ActiveCfg = Debug|Any CPU
		{CDA4E9BA-4B22-48D6-8D12-CF2098B0F2D3}.Debug|x64.Build.0 = Debug|Any CPU
		{CDA4E9BA-4B22-48D6-8D12-CF2098B0F2D3}.Debug|x86.ActiveCfg = Debug|Any CPU
		{CDA4E9BA-4B22-48D6-8D12-CF2098B0F2D3}.Debug|x86.Build.0 = Debug|Any CPU
		{CDA4E9BA-4B22-48D6-8D12-CF2098B0F2D3}.Release|Any CPU.ActiveCfg = Release|Any CPU
		{CDA4E9BA-4B22-48D6-8D12-CF2098B0F2D3}.Release|Any CPU.Build.0 = Release|Any CPU
		{CDA4E9BA-4B22-48D6-8D12-CF2098B0F2D3}.Release|x64.ActiveCfg = Release|Any CPU
		{CDA4E9BA-4B22-48D6-8D12-CF2098B0F2D3}.Release|x64.Build.0 = Release|Any CPU
		{CDA4E9BA-4B22-48D6-8D12-CF2098B0F2D3}.Release|x86.ActiveCfg = Release|Any CPU
		{CDA4E9BA-4B22-48D6-8D12-CF2098B0F2D3}.Release|x86.Build.0 = Release|Any CPU
		{EA3EEC6A-5DCD-49C9-8460-67B9E25A4F07}.Debug|Any CPU.ActiveCfg = Debug|Any CPU
		{EA3EEC6A-5DCD-49C9-8460-67B9E25A4F07}.Debug|Any CPU.Build.0 = Debug|Any CPU
		{EA3EEC6A-5DCD-49C9-8460-67B9E25A4F07}.Debug|x64.ActiveCfg = Debug|Any CPU
		{EA3EEC6A-5DCD-49C9-8460-67B9E25A4F07}.Debug|x64.Build.0 = Debug|Any CPU
		{EA3EEC6A-5DCD-49C9-8460-67B9E25A4F07}.Debug|x86.ActiveCfg = Debug|Any CPU
		{EA3EEC6A-5DCD-49C9-8460-67B9E25A4F07}.Debug|x86.Build.0 = Debug|Any CPU
		{EA3EEC6A-5DCD-49C9-8460-67B9E25A4F07}.Release|Any CPU.ActiveCfg = Release|Any CPU
		{EA3EEC6A-5DCD-49C9-8460-67B9E25A4F07}.Release|Any CPU.Build.0 = Release|Any CPU
		{EA3EEC6A-5DCD-49C9-8460-67B9E25A4F07}.Release|x64.ActiveCfg = Release|Any CPU
		{EA3EEC6A-5DCD-49C9-8460-67B9E25A4F07}.Release|x64.Build.0 = Release|Any CPU
		{EA3EEC6A-5DCD-49C9-8460-67B9E25A4F07}.Release|x86.ActiveCfg = Release|Any CPU
		{EA3EEC6A-5DCD-49C9-8460-67B9E25A4F07}.Release|x86.Build.0 = Release|Any CPU
		{692E5990-74C5-4373-9561-1081DB33738E}.Debug|Any CPU.ActiveCfg = Debug|Any CPU
		{692E5990-74C5-4373-9561-1081DB33738E}.Debug|Any CPU.Build.0 = Debug|Any CPU
		{692E5990-74C5-4373-9561-1081DB33738E}.Debug|x64.ActiveCfg = Debug|Any CPU
		{692E5990-74C5-4373-9561-1081DB33738E}.Debug|x64.Build.0 = Debug|Any CPU
		{692E5990-74C5-4373-9561-1081DB33738E}.Debug|x86.ActiveCfg = Debug|Any CPU
		{692E5990-74C5-4373-9561-1081DB33738E}.Debug|x86.Build.0 = Debug|Any CPU
		{692E5990-74C5-4373-9561-1081DB33738E}.Release|Any CPU.ActiveCfg = Release|Any CPU
		{692E5990-74C5-4373-9561-1081DB33738E}.Release|Any CPU.Build.0 = Release|Any CPU
		{692E5990-74C5-4373-9561-1081DB33738E}.Release|x64.ActiveCfg = Release|Any CPU
		{692E5990-74C5-4373-9561-1081DB33738E}.Release|x64.Build.0 = Release|Any CPU
		{692E5990-74C5-4373-9561-1081DB33738E}.Release|x86.ActiveCfg = Release|Any CPU
		{692E5990-74C5-4373-9561-1081DB33738E}.Release|x86.Build.0 = Release|Any CPU
		{687B8D8D-E47A-46D9-A54F-F7C5B3DCEA65}.Debug|Any CPU.ActiveCfg = Debug|Any CPU
		{687B8D8D-E47A-46D9-A54F-F7C5B3DCEA65}.Debug|Any CPU.Build.0 = Debug|Any CPU
		{687B8D8D-E47A-46D9-A54F-F7C5B3DCEA65}.Debug|x64.ActiveCfg = Debug|Any CPU
		{687B8D8D-E47A-46D9-A54F-F7C5B3DCEA65}.Debug|x64.Build.0 = Debug|Any CPU
		{687B8D8D-E47A-46D9-A54F-F7C5B3DCEA65}.Debug|x86.ActiveCfg = Debug|Any CPU
		{687B8D8D-E47A-46D9-A54F-F7C5B3DCEA65}.Debug|x86.Build.0 = Debug|Any CPU
		{687B8D8D-E47A-46D9-A54F-F7C5B3DCEA65}.Release|Any CPU.ActiveCfg = Release|Any CPU
		{687B8D8D-E47A-46D9-A54F-F7C5B3DCEA65}.Release|Any CPU.Build.0 = Release|Any CPU
		{687B8D8D-E47A-46D9-A54F-F7C5B3DCEA65}.Release|x64.ActiveCfg = Release|Any CPU
		{687B8D8D-E47A-46D9-A54F-F7C5B3DCEA65}.Release|x64.Build.0 = Release|Any CPU
		{687B8D8D-E47A-46D9-A54F-F7C5B3DCEA65}.Release|x86.ActiveCfg = Release|Any CPU
		{687B8D8D-E47A-46D9-A54F-F7C5B3DCEA65}.Release|x86.Build.0 = Release|Any CPU
		{7DC2F99A-F0B6-443E-9EC0-5C4692FDF380}.Debug|Any CPU.ActiveCfg = Debug|Any CPU
		{7DC2F99A-F0B6-443E-9EC0-5C4692FDF380}.Debug|Any CPU.Build.0 = Debug|Any CPU
		{7DC2F99A-F0B6-443E-9EC0-5C4692FDF380}.Debug|x64.ActiveCfg = Debug|Any CPU
		{7DC2F99A-F0B6-443E-9EC0-5C4692FDF380}.Debug|x64.Build.0 = Debug|Any CPU
		{7DC2F99A-F0B6-443E-9EC0-5C4692FDF380}.Debug|x86.ActiveCfg = Debug|Any CPU
		{7DC2F99A-F0B6-443E-9EC0-5C4692FDF380}.Debug|x86.Build.0 = Debug|Any CPU
		{7DC2F99A-F0B6-443E-9EC0-5C4692FDF380}.Release|Any CPU.ActiveCfg = Release|Any CPU
		{7DC2F99A-F0B6-443E-9EC0-5C4692FDF380}.Release|Any CPU.Build.0 = Release|Any CPU
		{7DC2F99A-F0B6-443E-9EC0-5C4692FDF380}.Release|x64.ActiveCfg = Release|Any CPU
		{7DC2F99A-F0B6-443E-9EC0-5C4692FDF380}.Release|x64.Build.0 = Release|Any CPU
		{7DC2F99A-F0B6-443E-9EC0-5C4692FDF380}.Release|x86.ActiveCfg = Release|Any CPU
		{7DC2F99A-F0B6-443E-9EC0-5C4692FDF380}.Release|x86.Build.0 = Release|Any CPU
		{BAD340AF-754B-4466-AAD1-2AE955A6F26B}.Debug|Any CPU.ActiveCfg = Debug|Any CPU
		{BAD340AF-754B-4466-AAD1-2AE955A6F26B}.Debug|Any CPU.Build.0 = Debug|Any CPU
		{BAD340AF-754B-4466-AAD1-2AE955A6F26B}.Debug|x64.ActiveCfg = Debug|Any CPU
		{BAD340AF-754B-4466-AAD1-2AE955A6F26B}.Debug|x64.Build.0 = Debug|Any CPU
		{BAD340AF-754B-4466-AAD1-2AE955A6F26B}.Debug|x86.ActiveCfg = Debug|Any CPU
		{BAD340AF-754B-4466-AAD1-2AE955A6F26B}.Debug|x86.Build.0 = Debug|Any CPU
		{BAD340AF-754B-4466-AAD1-2AE955A6F26B}.Release|Any CPU.ActiveCfg = Release|Any CPU
		{BAD340AF-754B-4466-AAD1-2AE955A6F26B}.Release|Any CPU.Build.0 = Release|Any CPU
		{BAD340AF-754B-4466-AAD1-2AE955A6F26B}.Release|x64.ActiveCfg = Release|Any CPU
		{BAD340AF-754B-4466-AAD1-2AE955A6F26B}.Release|x64.Build.0 = Release|Any CPU
		{BAD340AF-754B-4466-AAD1-2AE955A6F26B}.Release|x86.ActiveCfg = Release|Any CPU
		{BAD340AF-754B-4466-AAD1-2AE955A6F26B}.Release|x86.Build.0 = Release|Any CPU
	EndGlobalSection
	GlobalSection(SolutionProperties) = preSolution
		HideSolutionNode = FALSE
	EndGlobalSection
	GlobalSection(NestedProjects) = preSolution
		{CF0A77A6-B3F6-4D4C-8D2C-040E50019CB2} = {90205D55-B3F7-4732-A999-4A1329880828}
		{E4A6DD36-7F7B-43EB-861E-41D1FE8F62EB} = {CF0A77A6-B3F6-4D4C-8D2C-040E50019CB2}
		{3A4D7931-3561-4972-AECB-226816C0A486} = {CF0A77A6-B3F6-4D4C-8D2C-040E50019CB2}
		{AD995E3B-236D-4A27-98A4-1AF4E399DEAF} = {90205D55-B3F7-4732-A999-4A1329880828}
		{CDA4E9BA-4B22-48D6-8D12-CF2098B0F2D3} = {AD995E3B-236D-4A27-98A4-1AF4E399DEAF}
		{EA3EEC6A-5DCD-49C9-8460-67B9E25A4F07} = {AD995E3B-236D-4A27-98A4-1AF4E399DEAF}
		{0BEB4FA5-F3BC-4DFB-9AE8-5B520D101CA8} = {90205D55-B3F7-4732-A999-4A1329880828}
		{692E5990-74C5-4373-9561-1081DB33738E} = {0BEB4FA5-F3BC-4DFB-9AE8-5B520D101CA8}
		{687B8D8D-E47A-46D9-A54F-F7C5B3DCEA65} = {AD995E3B-236D-4A27-98A4-1AF4E399DEAF}
		{7DC2F99A-F0B6-443E-9EC0-5C4692FDF380} = {4656C3D7-AD1B-40B0-8F92-93476B9D7D8F}
		{BAD340AF-754B-4466-AAD1-2AE955A6F26B} = {4656C3D7-AD1B-40B0-8F92-93476B9D7D8F}
	EndGlobalSection
	GlobalSection(ExtensibilityGlobals) = postSolution
		SolutionGuid = {1179C157-C5AB-4116-8D67-72A63C46953F}
	EndGlobalSection
EndGlobal
